{
  "nodes": {
    "flake-parts": {
      "inputs": {
        "nixpkgs-lib": [
          "nixpkgs"
        ]
      },
      "locked": {
        "lastModified": 1749398372,
        "narHash": "sha256-tYBdgS56eXYaWVW3fsnPQ/nFlgWi/Z2Ymhyu21zVM98=",
        "owner": "hercules-ci",
        "repo": "flake-parts",
        "rev": "9305fe4e5c2a6fcf5ba6a3ff155720fbe4076569",
        "type": "github"
      },
      "original": {
        "owner": "hercules-ci",
        "repo": "flake-parts",
        "type": "github"
      }
    },
    "hercules-ci-effects": {
      "inputs": {
        "flake-parts": [
          "flake-parts"
        ],
        "nixpkgs": [
          "nixpkgs"
        ]
      },
      "locked": {
        "lastModified": 1751406060,
        "narHash": "sha256-xlxgYZ0eCnr9ikQuM5VuD8rUjLdbGzSKgF2EoRKDn/8=",
        "owner": "max-privatevoid",
        "repo": "hercules-ci-effects",
        "rev": "b8127446a483cfd91495037e343b592662033188",
        "type": "github"
      },
      "original": {
        "owner": "max-privatevoid",
        "ref": "pr/skip-if-exists",
        "repo": "hercules-ci-effects",
        "type": "github"
      }
    },
    "ndg": {
      "inputs": {
        "nixpkgs": "nixpkgs"
      },
      "locked": {
        "lastModified": 1776204333,
        "narHash": "sha256-gJcybEQZa5Jdh3MSgvGLqiqQFRTZ3IxQFvVIsJecbno=",
        "owner": "feel-co",
        "repo": "ndg",
        "rev": "d678855cdd0385b1bd78adf3456d072642317d6a",
        "type": "github"
      },
      "original": {
        "owner": "feel-co",
        "repo": "ndg",
        "type": "github"
      }
    },
    "nixpkgs": {
      "locked": {
        "lastModified": 1775036866,
        "narHash": "sha256-ByAX1LkhCwZ94+KnFAmnJSMAvui7kgCxjHgUHsWAbfI=",
        "rev": "6201e203d09599479a3b3450ed24fa81537ebc4e",
        "type": "tarball",
        "url": "https://releases.nixos.org/nixos/unstable/nixos-26.05pre972949.6201e203d095/nixexprs.tar.xz?lastModified=1775036866&rev=6201e203d09599479a3b3450ed24fa81537ebc4e"
      },
      "original": {
        "type": "tarball",
        "url": "https://channels.nixos.org/nixos-unstable/nixexprs.tar.xz"
      }
    },
    "nixpkgs_2": {
      "locked": {
        "lastModified": 1751011381,
        "narHash": "sha256-krGXKxvkBhnrSC/kGBmg5MyupUUT5R6IBCLEzx9jhMM=",
        "owner": "NixOS",
        "repo": "nixpkgs",
        "rev": "30e2e2857ba47844aa71991daa6ed1fc678bcbb7",
        "type": "github"
      },
      "original": {
        "owner": "NixOS",
        "ref": "nixos-unstable",
        "repo": "nixpkgs",
        "type": "github"
      }
    },
    "root": {
      "inputs": {
        "flake-parts": "flake-parts",
        "hercules-ci-effects": "hercules-ci-effects",
        "ndg": "ndg",
        "nixpkgs": "nixpkgs_2"
      }
    }
  },
  "root": "root",
  "version": 7
}
